
Microsoft Visual Studio Solution File, Format Version 12.00
# Visual Studio 14
VisualStudioVersion = 14.0.23107.0
MinimumVisualStudioVersion = 10.0.40219.1
Project("{8BC9CEB8-8B4A-11D0-8D11-00A0C91BC942}") = "Parser", "Parser\Parser.vcxproj", "{77BE9964-7862-4D05-AFF0-B42718AAE386}"
EndProject
Project("{8BC9CEB8-8B4A-11D0-8D11-00A0C91BC942}") = "ScopeStack", "ScopeStack\ScopeStack.vcxproj", "{0AE7CD6E-0797-422E-8DB9-407E517624A5}"
EndProject
Project("{8BC9CEB8-8B4A-11D0-8D11-00A0C91BC942}") = "Tokenizer", "Tokenizer\Tokenizer.vcxproj", "{FD63AD3D-4A25-4F5C-BD43-1E19192357F2}"
EndProject
Project("{8BC9CEB8-8B4A-11D0-8D11-00A0C91BC942}") = "SemiExp", "SemiExp\SemiExp.vcxproj", "{C1131546-C8AE-4A24-A866-4A28DFDB72B9}"
EndProject
Project("{8BC9CEB8-8B4A-11D0-8D11-00A0C91BC942}") = "ThreadPool", "ThreadPool\ThreadPool.vcxproj", "{F842570D-C4E1-4A8E-9460-54AF52B3B80D}"
EndProject
Project("{8BC9CEB8-8B4A-11D0-8D11-00A0C91BC942}") = "Logger", "Logger\Logger.vcxproj", "{66D2C764-9DA8-4505-B869-8E84E8968F7C}"
EndProject
Project("{8BC9CEB8-8B4A-11D0-8D11-00A0C91BC942}") = "FileMgr", "FileMgr\FileMgr.vcxproj", "{DDEE27FF-855E-4D10-AD7B-79CB8966EF13}"
EndProject
Project("{8BC9CEB8-8B4A-11D0-8D11-00A0C91BC942}") = "MockDepAnal", "MockDepAnal\MockDepAnal.vcxproj", "{0146626B-8B51-46C8-AA9B-205CD93B3221}"
EndProject
Project("{8BC9CEB8-8B4A-11D0-8D11-00A0C91BC942}") = "Tasks", "Tasks\Tasks.vcxproj", "{91D2B8C9-7DAA-4A7E-94A3-21D80A899899}"
EndProject
Project("{8BC9CEB8-8B4A-11D0-8D11-00A0C91BC942}") = "TypeAnal", "TypeAnal\TypeAnal.vcxproj", "{A4B31625-A6DC-4617-B958-91CB8F269146}"
EndProject
Project("{8BC9CEB8-8B4A-11D0-8D11-00A0C91BC942}") = "DependancyAnal", "DependancyAnal\DependancyAnal.vcxproj", "{7C408E19-4B3C-43F8-937D-BECCC4FAA169}"
EndProject
Global
	GlobalSection(SolutionConfigurationPlatforms) = preSolution
		Debug|x64 = Debug|x64
		Debug|x86 = Debug|x86
		Release|x64 = Release|x64
		Release|x86 = Release|x86
	EndGlobalSection
	GlobalSection(ProjectConfigurationPlatforms) = postSolution
		{77BE9964-7862-4D05-AFF0-B42718AAE386}.Debug|x64.ActiveCfg = Debug|Win32
		{77BE9964-7862-4D05-AFF0-B42718AAE386}.Debug|x64.Build.0 = Debug|Win32
		{77BE9964-7862-4D05-AFF0-B42718AAE386}.Debug|x86.ActiveCfg = Debug|Win32
		{77BE9964-7862-4D05-AFF0-B42718AAE386}.Debug|x86.Build.0 = Debug|Win32
		{77BE9964-7862-4D05-AFF0-B42718AAE386}.Release|x64.ActiveCfg = Release|x64
		{77BE9964-7862-4D05-AFF0-B42718AAE386}.Release|x64.Build.0 = Release|x64
		{77BE9964-7862-4D05-AFF0-B42718AAE386}.Release|x86.ActiveCfg = Release|Win32
		{77BE9964-7862-4D05-AFF0-B42718AAE386}.Release|x86.Build.0 = Release|Win32
		{0AE7CD6E-0797-422E-8DB9-407E517624A5}.Debug|x64.ActiveCfg = Debug|Win32
		{0AE7CD6E-0797-422E-8DB9-407E517624A5}.Debug|x64.Build.0 = Debug|Win32
		{0AE7CD6E-0797-422E-8DB9-407E517624A5}.Debug|x86.ActiveCfg = Debug|Win32
		{0AE7CD6E-0797-422E-8DB9-407E517624A5}.Debug|x86.Build.0 = Debug|Win32
		{0AE7CD6E-0797-422E-8DB9-407E517624A5}.Release|x64.ActiveCfg = Release|x64
		{0AE7CD6E-0797-422E-8DB9-407E517624A5}.Release|x64.Build.0 = Release|x64
		{0AE7CD6E-0797-422E-8DB9-407E517624A5}.Release|x86.ActiveCfg = Release|Win32
		{0AE7CD6E-0797-422E-8DB9-407E517624A5}.Release|x86.Build.0 = Release|Win32
		{FD63AD3D-4A25-4F5C-BD43-1E19192357F2}.Debug|x64.ActiveCfg = Debug|Win32
		{FD63AD3D-4A25-4F5C-BD43-1E19192357F2}.Debug|x86.ActiveCfg = Debug|Win32
		{FD63AD3D-4A25-4F5C-BD43-1E19192357F2}.Debug|x86.Build.0 = Debug|Win32
		{FD63AD3D-4A25-4F5C-BD43-1E19192357F2}.Release|x64.ActiveCfg = Release|Win32
		{FD63AD3D-4A25-4F5C-BD43-1E19192357F2}.Release|x86.ActiveCfg = Release|Win32
		{FD63AD3D-4A25-4F5C-BD43-1E19192357F2}.Release|x86.Build.0 = Release|Win32
		{C1131546-C8AE-4A24-A866-4A28DFDB72B9}.Debug|x64.ActiveCfg = Debug|Win32
		{C1131546-C8AE-4A24-A866-4A28DFDB72B9}.Debug|x64.Build.0 = Debug|Win32
		{C1131546-C8AE-4A24-A866-4A28DFDB72B9}.Debug|x86.ActiveCfg = Debug|Win32
		{C1131546-C8AE-4A24-A866-4A28DFDB72B9}.Debug|x86.Build.0 = Debug|Win32
		{C1131546-C8AE-4A24-A866-4A28DFDB72B9}.Release|x64.ActiveCfg = Release|x64
		{C1131546-C8AE-4A24-A866-4A28DFDB72B9}.Release|x64.Build.0 = Release|x64
		{C1131546-C8AE-4A24-A866-4A28DFDB72B9}.Release|x86.ActiveCfg = Release|Win32
		{C1131546-C8AE-4A24-A866-4A28DFDB72B9}.Release|x86.Build.0 = Release|Win32
		{F842570D-C4E1-4A8E-9460-54AF52B3B80D}.Debug|x64.ActiveCfg = Debug|Win32
		{F842570D-C4E1-4A8E-9460-54AF52B3B80D}.Debug|x64.Build.0 = Debug|Win32
		{F842570D-C4E1-4A8E-9460-54AF52B3B80D}.Debug|x86.ActiveCfg = Debug|Win32
		{F842570D-C4E1-4A8E-9460-54AF52B3B80D}.Debug|x86.Build.0 = Debug|Win32
		{F842570D-C4E1-4A8E-9460-54AF52B3B80D}.Release|x64.ActiveCfg = Release|x64
		{F842570D-C4E1-4A8E-9460-54AF52B3B80D}.Release|x64.Build.0 = Release|x64
		{F842570D-C4E1-4A8E-9460-54AF52B3B80D}.Release|x86.ActiveCfg = Release|Win32
		{F842570D-C4E1-4A8E-9460-54AF52B3B80D}.Release|x86.Build.0 = Release|Win32
		{66D2C764-9DA8-4505-B869-8E84E8968F7C}.Debug|x64.ActiveCfg = Debug|Win32
		{66D2C764-9DA8-4505-B869-8E84E8968F7C}.Debug|x64.Build.0 = Debug|Win32
		{66D2C764-9DA8-4505-B869-8E84E8968F7C}.Debug|x86.ActiveCfg = Debug|Win32
		{66D2C764-9DA8-4505-B869-8E84E8968F7C}.Debug|x86.Build.0 = Debug|Win32
		{66D2C764-9DA8-4505-B869-8E84E8968F7C}.Release|x64.ActiveCfg = Release|x64
		{66D2C764-9DA8-4505-B869-8E84E8968F7C}.Release|x64.Build.0 = Release|x64
		{66D2C764-9DA8-4505-B869-8E84E8968F7C}.Release|x86.ActiveCfg = Release|Win32
		{66D2C764-9DA8-4505-B869-8E84E8968F7C}.Release|x86.Build.0 = Release|Win32
		{DDEE27FF-855E-4D10-AD7B-79CB8966EF13}.Debug|x64.ActiveCfg = Debug|Win32
		{DDEE27FF-855E-4D10-AD7B-79CB8966EF13}.Debug|x86.ActiveCfg = Debug|Win32
		{DDEE27FF-855E-4D10-AD7B-79CB8966EF13}.Debug|x86.Build.0 = Debug|Win32
		{DDEE27FF-855E-4D10-AD7B-79CB8966EF13}.Release|x64.ActiveCfg = Release|Win32
		{DDEE27FF-855E-4D10-AD7B-79CB8966EF13}.Release|x86.ActiveCfg = Release|Win32
		{DDEE27FF-855E-4D10-AD7B-79CB8966EF13}.Release|x86.Build.0 = Release|Win32
		{0146626B-8B51-46C8-AA9B-205CD93B3221}.Debug|x64.ActiveCfg = Debug|Win32
		{0146626B-8B51-46C8-AA9B-205CD93B3221}.Debug|x64.Build.0 = Debug|Win32
		{0146626B-8B51-46C8-AA9B-205CD93B3221}.Debug|x86.ActiveCfg = Debug|Win32
		{0146626B-8B51-46C8-AA9B-205CD93B3221}.Debug|x86.Build.0 = Debug|Win32
		{0146626B-8B51-46C8-AA9B-205CD93B3221}.Release|x64.ActiveCfg = Release|x64
		{0146626B-8B51-46C8-AA9B-205CD93B3221}.Release|x64.Build.0 = Release|x64
		{0146626B-8B51-46C8-AA9B-205CD93B3221}.Release|x86.ActiveCfg = Release|Win32
		{0146626B-8B51-46C8-AA9B-205CD93B3221}.Release|x86.Build.0 = Release|Win32
		{91D2B8C9-7DAA-4A7E-94A3-21D80A899899}.Debug|x64.ActiveCfg = Debug|Win32
		{91D2B8C9-7DAA-4A7E-94A3-21D80A899899}.Debug|x64.Build.0 = Debug|Win32
		{91D2B8C9-7DAA-4A7E-94A3-21D80A899899}.Debug|x86.ActiveCfg = Debug|Win32
		{91D2B8C9-7DAA-4A7E-94A3-21D80A899899}.Debug|x86.Build.0 = Debug|Win32
		{91D2B8C9-7DAA-4A7E-94A3-21D80A899899}.Release|x64.ActiveCfg = Release|x64
		{91D2B8C9-7DAA-4A7E-94A3-21D80A899899}.Release|x64.Build.0 = Release|x64
		{91D2B8C9-7DAA-4A7E-94A3-21D80A899899}.Release|x86.ActiveCfg = Release|Win32
		{91D2B8C9-7DAA-4A7E-94A3-21D80A899899}.Release|x86.Build.0 = Release|Win32
		{A4B31625-A6DC-4617-B958-91CB8F269146}.Debug|x64.ActiveCfg = Debug|Win32
		{A4B31625-A6DC-4617-B958-91CB8F269146}.Debug|x64.Build.0 = Debug|Win32
		{A4B31625-A6DC-4617-B958-91CB8F269146}.Debug|x86.ActiveCfg = Debug|Win32
		{A4B31625-A6DC-4617-B958-91CB8F269146}.Debug|x86.Build.0 = Debug|Win32
		{A4B31625-A6DC-4617-B958-91CB8F269146}.Release|x64.ActiveCfg = Release|x64
		{A4B31625-A6DC-4617-B958-91CB8F269146}.Release|x64.Build.0 = Release|x64
		{A4B31625-A6DC-4617-B958-91CB8F269146}.Release|x86.ActiveCfg = Release|Win32
		{A4B31625-A6DC-4617-B958-91CB8F269146}.Release|x86.Build.0 = Release|Win32
		{7C408E19-4B3C-43F8-937D-BECCC4FAA169}.Debug|x64.ActiveCfg = Debug|Win32
		{7C408E19-4B3C-43F8-937D-BECCC4FAA169}.Debug|x64.Build.0 = Debug|Win32
		{7C408E19-4B3C-43F8-937D-BECCC4FAA169}.Debug|x86.ActiveCfg = Debug|Win32
		{7C408E19-4B3C-43F8-937D-BECCC4FAA169}.Debug|x86.Build.0 = Debug|Win32
		{7C408E19-4B3C-43F8-937D-BECCC4FAA169}.Release|x64.ActiveCfg = Release|x64
		{7C408E19-4B3C-43F8-937D-BECCC4FAA169}.Release|x64.Build.0 = Release|x64
		{7C408E19-4B3C-43F8-937D-BECCC4FAA169}.Release|x86.ActiveCfg = Release|Win32
		{7C408E19-4B3C-43F8-937D-BECCC4FAA169}.Release|x86.Build.0 = Release|Win32
	EndGlobalSection
	GlobalSection(SolutionProperties) = preSolution
		HideSolutionNode = FALSE
	EndGlobalSection
EndGlobal
